<Solution>
  <Folder Name="/00 Misc/">
    <File Path=".gitignore" />
    <File Path="CODE_OF_CONDUCT.md" />
    <File Path="LICENSE" />
    <File Path="README.md" />
  </Folder>
  <Folder Name="/01 Core/">
    <Project Path="Altairis.Services.Mailing.Templating/Altairis.Services.Mailing.Templating.csproj" />
    <Project Path="Altairis.Services.Mailing/Altairis.Services.Mailing.csproj" />
  </Folder>
  <Folder Name="/02 Implementations/">
    <Project Path="Altairis.Services.Mailing.AzureQueue/Altairis.Services.Mailing.AzureQueue.csproj" />
    <Project Path="Altairis.Services.Mailing.Mandrill/Altairis.Services.Mailing.Mandrill.csproj" />
    <Project Path="Altairis.Services.Mailing.Rfc2822/Altairis.Services.Mailing.Rfc2822.csproj" />
    <Project Path="Altairis.Services.Mailing.SendGrid/Altairis.Services.Mailing.SendGrid.csproj" />
  </Folder>
  <Folder Name="/XX Samples/">
    <Project Path="SampleAzureQueue/SampleAzureQueue.csproj" Id="7a9f1b55-91b1-495d-b73a-7d0cee16cfef" />
    <Project Path="SampleTemplatedMailing/SampleTemplatedMailing.csproj" />
  </Folder>
  <Folder Name="/XX Tests/">
    <Project Path="Altairis.Services.Mailing.Rfc2822.Tests/Altairis.Services.Mailing.Rfc2822.Tests.csproj" />
    <Project Path="Altairis.Services.Mailing.SendGrid.IntegrationTests/Altairis.Services.Mailing.SendGrid.IntegrationTests.csproj" />
    <Project Path="Altairis.Services.Mailing.Templating.Tests/Altairis.Services.Mailing.Templating.Tests.csproj" />
    <Project Path="Altairis.Services.Mailing.Tests/Altairis.Services.Mailing.Tests.csproj" />
  </Folder>
</Solution>
