
Microsoft Visual Studio Solution File, Format Version 12.00
# Visual Studio 15
VisualStudioVersion = 15.0.27004.2006
MinimumVisualStudioVersion = 10.0.40219.1
Project("{9A19103F-16F7-4668-BE54-9A1E7A4F7556}") = "Altairis.Services.Mailing", "Altairis.Services.Mailing\Altairis.Services.Mailing.csproj", "{2B14E0FD-0EB0-447E-9447-9EA41D502DE4}"
EndProject
Project("{9A19103F-16F7-4668-BE54-9A1E7A4F7556}") = "Altairis.Services.Mailing.Rfc2822", "Altairis.Services.Mailing.Rfc2822\Altairis.Services.Mailing.Rfc2822.csproj", "{331F8EE8-D9CB-43F8-8F04-E9848E2874A8}"
EndProject
Project("{9A19103F-16F7-4668-BE54-9A1E7A4F7556}") = "Altairis.Services.Mailing.Rfc2822.Tests", "Altairis.Services.Mailing.Rfc2822.Tests\Altairis.Services.Mailing.Rfc2822.Tests.csproj", "{A036EBAA-5BFC-4A70-9966-DCBB50A33E64}"
EndProject
Project("{9A19103F-16F7-4668-BE54-9A1E7A4F7556}") = "Altairis.Services.Mailing.SystemNetMail", "Altairis.Services.Mailing.SystemNetMail\Altairis.Services.Mailing.SystemNetMail.csproj", "{94A85F98-D8B8-436A-9D66-E350C3ADAB46}"
EndProject
Project("{9A19103F-16F7-4668-BE54-9A1E7A4F7556}") = "Altairis.Services.Mailing.SystemNetMail.Tests", "Altairis.Services.Mailing.SystemNetMail.Tests\Altairis.Services.Mailing.SystemNetMail.Tests.csproj", "{1EF96AA3-6863-4D3C-88F9-E6F42833EAB4}"
EndProject
Project("{2150E333-8FDC-42A3-9474-1A3956D46DE8}") = "Core", "Core", "{04B7F3C7-64F3-4023-A1FF-D785823DB162}"
EndProject
Project("{2150E333-8FDC-42A3-9474-1A3956D46DE8}") = "Implementations", "Implementations", "{D14E1700-B6DD-4B5C-8625-6AFECDA1E38C}"
EndProject
Project("{2150E333-8FDC-42A3-9474-1A3956D46DE8}") = "Tests", "Tests", "{8EAA05A5-8C62-49D0-917A-C5C4CB029990}"
EndProject
Project("{9A19103F-16F7-4668-BE54-9A1E7A4F7556}") = "Altairis.Services.Mailing.SendGrid", "Altairis.Services.Mailing.SendGrid\Altairis.Services.Mailing.SendGrid.csproj", "{66960A89-EBE0-4F26-B2D2-D6FC1B0DE122}"
EndProject
Project("{9A19103F-16F7-4668-BE54-9A1E7A4F7556}") = "Altairis.Services.Mailing.SendGrid.IntegrationTests", "Altairis.Services.Mailing.SendGrid.IntegrationTests\Altairis.Services.Mailing.SendGrid.IntegrationTests.csproj", "{869A42CD-3438-40C6-AFD3-89F7EF010F91}"
EndProject
Project("{2150E333-8FDC-42A3-9474-1A3956D46DE8}") = "Solution Items", "Solution Items", "{11C6E68E-B063-4F1D-A39F-EFA466F84D02}"
	ProjectSection(SolutionItems) = preProject
		.gitignore = .gitignore
		CODE_OF_CONDUCT.md = CODE_OF_CONDUCT.md
		LICENSE = LICENSE
		README.md = README.md
	EndProjectSection
EndProject
Global
	GlobalSection(SolutionConfigurationPlatforms) = preSolution
		Debug|Any CPU = Debug|Any CPU
		Release|Any CPU = Release|Any CPU
	EndGlobalSection
	GlobalSection(ProjectConfigurationPlatforms) = postSolution
		{2B14E0FD-0EB0-447E-9447-9EA41D502DE4}.Debug|Any CPU.ActiveCfg = Debug|Any CPU
		{2B14E0FD-0EB0-447E-9447-9EA41D502DE4}.Debug|Any CPU.Build.0 = Debug|Any CPU
		{2B14E0FD-0EB0-447E-9447-9EA41D502DE4}.Release|Any CPU.ActiveCfg = Release|Any CPU
		{2B14E0FD-0EB0-447E-9447-9EA41D502DE4}.Release|Any CPU.Build.0 = Release|Any CPU
		{331F8EE8-D9CB-43F8-8F04-E9848E2874A8}.Debug|Any CPU.ActiveCfg = Debug|Any CPU
		{331F8EE8-D9CB-43F8-8F04-E9848E2874A8}.Debug|Any CPU.Build.0 = Debug|Any CPU
		{331F8EE8-D9CB-43F8-8F04-E9848E2874A8}.Release|Any CPU.ActiveCfg = Release|Any CPU
		{331F8EE8-D9CB-43F8-8F04-E9848E2874A8}.Release|Any CPU.Build.0 = Release|Any CPU
		{A036EBAA-5BFC-4A70-9966-DCBB50A33E64}.Debug|Any CPU.ActiveCfg = Debug|Any CPU
		{A036EBAA-5BFC-4A70-9966-DCBB50A33E64}.Debug|Any CPU.Build.0 = Debug|Any CPU
		{A036EBAA-5BFC-4A70-9966-DCBB50A33E64}.Release|Any CPU.ActiveCfg = Release|Any CPU
		{A036EBAA-5BFC-4A70-9966-DCBB50A33E64}.Release|Any CPU.Build.0 = Release|Any CPU
		{94A85F98-D8B8-436A-9D66-E350C3ADAB46}.Debug|Any CPU.ActiveCfg = Debug|Any CPU
		{94A85F98-D8B8-436A-9D66-E350C3ADAB46}.Debug|Any CPU.Build.0 = Debug|Any CPU
		{94A85F98-D8B8-436A-9D66-E350C3ADAB46}.Release|Any CPU.ActiveCfg = Release|Any CPU
		{94A85F98-D8B8-436A-9D66-E350C3ADAB46}.Release|Any CPU.Build.0 = Release|Any CPU
		{1EF96AA3-6863-4D3C-88F9-E6F42833EAB4}.Debug|Any CPU.ActiveCfg = Debug|Any CPU
		{1EF96AA3-6863-4D3C-88F9-E6F42833EAB4}.Debug|Any CPU.Build.0 = Debug|Any CPU
		{1EF96AA3-6863-4D3C-88F9-E6F42833EAB4}.Release|Any CPU.ActiveCfg = Release|Any CPU
		{1EF96AA3-6863-4D3C-88F9-E6F42833EAB4}.Release|Any CPU.Build.0 = Release|Any CPU
		{66960A89-EBE0-4F26-B2D2-D6FC1B0DE122}.Debug|Any CPU.ActiveCfg = Debug|Any CPU
		{66960A89-EBE0-4F26-B2D2-D6FC1B0DE122}.Debug|Any CPU.Build.0 = Debug|Any CPU
		{66960A89-EBE0-4F26-B2D2-D6FC1B0DE122}.Release|Any CPU.ActiveCfg = Release|Any CPU
		{66960A89-EBE0-4F26-B2D2-D6FC1B0DE122}.Release|Any CPU.Build.0 = Release|Any CPU
		{869A42CD-3438-40C6-AFD3-89F7EF010F91}.Debug|Any CPU.ActiveCfg = Debug|Any CPU
		{869A42CD-3438-40C6-AFD3-89F7EF010F91}.Debug|Any CPU.Build.0 = Debug|Any CPU
		{869A42CD-3438-40C6-AFD3-89F7EF010F91}.Release|Any CPU.ActiveCfg = Release|Any CPU
		{869A42CD-3438-40C6-AFD3-89F7EF010F91}.Release|Any CPU.Build.0 = Release|Any CPU
	EndGlobalSection
	GlobalSection(SolutionProperties) = preSolution
		HideSolutionNode = FALSE
	EndGlobalSection
	GlobalSection(NestedProjects) = preSolution
		{2B14E0FD-0EB0-447E-9447-9EA41D502DE4} = {04B7F3C7-64F3-4023-A1FF-D785823DB162}
		{331F8EE8-D9CB-43F8-8F04-E9848E2874A8} = {D14E1700-B6DD-4B5C-8625-6AFECDA1E38C}
		{A036EBAA-5BFC-4A70-9966-DCBB50A33E64} = {8EAA05A5-8C62-49D0-917A-C5C4CB029990}
		{94A85F98-D8B8-436A-9D66-E350C3ADAB46} = {D14E1700-B6DD-4B5C-8625-6AFECDA1E38C}
		{1EF96AA3-6863-4D3C-88F9-E6F42833EAB4} = {8EAA05A5-8C62-49D0-917A-C5C4CB029990}
		{66960A89-EBE0-4F26-B2D2-D6FC1B0DE122} = {D14E1700-B6DD-4B5C-8625-6AFECDA1E38C}
		{869A42CD-3438-40C6-AFD3-89F7EF010F91} = {8EAA05A5-8C62-49D0-917A-C5C4CB029990}
	EndGlobalSection
	GlobalSection(ExtensibilityGlobals) = postSolution
		SolutionGuid = {94701BF1-AE0B-4766-ABD4-A392924A9730}
	EndGlobalSection
EndGlobal
